
Microsoft Visual Studio Solution File, Format Version 12.00
# Visual Studio Version 17
VisualStudioVersion = 17.9.34701.34
MinimumVisualStudioVersion = 10.0.40219.1
Project("{2150E333-8FDC-42A3-9474-1A3956D46DE8}") = "Projektmappenelemente", "Projektmappenelemente", "{FDD78E62-D895-457D-A123-D7353A424094}"
	ProjectSection(SolutionItems) = preProject
		.gitignore = .gitignore
		CHANGELOG.md = CHANGELOG.md
		CONTRIBUTION.md = CONTRIBUTION.md
		D2PModellingGuideline.md = D2PModellingGuideline.md
		LICENSE.md = LICENSE.md
		README.md = README.md
	EndProjectSection
EndProject
Project("{FAE04EC0-301F-11D3-BF4B-00C04F79EFBC}") = "D2P.Core", "D2P.Core\D2P.Core.csproj", "{D81213FE-7F69-93B0-2B5A-66819A1CF96D}"
EndProject
Project("{FAE04EC0-301F-11D3-BF4B-00C04F79EFBC}") = "D2P.GHPlugin", "D2P.GHPlugin\D2P.GHPlugin.csproj", "{2F76473E-CA63-A165-7A8B-0CA4D9B4FCDC}"
EndProject
Global
	GlobalSection(SolutionConfigurationPlatforms) = preSolution
		Debug|Any CPU = Debug|Any CPU
		Release|Any CPU = Release|Any CPU
	EndGlobalSection
	GlobalSection(ProjectConfigurationPlatforms) = postSolution
		{D81213FE-7F69-93B0-2B5A-66819A1CF96D}.Debug|Any CPU.ActiveCfg = Debug|Any CPU
		{D81213FE-7F69-93B0-2B5A-66819A1CF96D}.Debug|Any CPU.Build.0 = Debug|Any CPU
		{D81213FE-7F69-93B0-2B5A-66819A1CF96D}.Release|Any CPU.ActiveCfg = Release|Any CPU
		{D81213FE-7F69-93B0-2B5A-66819A1CF96D}.Release|Any CPU.Build.0 = Release|Any CPU
		{2F76473E-CA63-A165-7A8B-0CA4D9B4FCDC}.Debug|Any CPU.ActiveCfg = Debug|Any CPU
		{2F76473E-CA63-A165-7A8B-0CA4D9B4FCDC}.Debug|Any CPU.Build.0 = Debug|Any CPU
		{2F76473E-CA63-A165-7A8B-0CA4D9B4FCDC}.Release|Any CPU.ActiveCfg = Release|Any CPU
		{2F76473E-CA63-A165-7A8B-0CA4D9B4FCDC}.Release|Any CPU.Build.0 = Release|Any CPU
	EndGlobalSection
	GlobalSection(SolutionProperties) = preSolution
		HideSolutionNode = FALSE
	EndGlobalSection
	GlobalSection(ExtensibilityGlobals) = postSolution
		SolutionGuid = {47D4B3C6-032B-4D47-A131-CEE4F9430F4C}
	EndGlobalSection
EndGlobal
