
Microsoft Visual Studio Solution File, Format Version 12.00
# Visual Studio Version 17
VisualStudioVersion = 17.9.34701.34
MinimumVisualStudioVersion = 10.0.40219.1
Project("{FAE04EC0-301F-11D3-BF4B-00C04F79EFBC}") = "D2P_Core", "D2P_Core\D2P_Core.csproj", "{759E51F4-9B76-497F-8263-5F2A3CBDC3DC}"
EndProject
Project("{9A19103F-16F7-4668-BE54-9A1E7A4F7556}") = "D2P_GrasshopperTools", "D2P_GrasshopperTools\D2P_GrasshopperTools.csproj", "{929D58A7-2EEA-4C41-A436-EBB2435F5515}"
EndProject
Project("{2150E333-8FDC-42A3-9474-1A3956D46DE8}") = "Projektmappenelemente", "Projektmappenelemente", "{FDD78E62-D895-457D-A123-D7353A424094}"
	ProjectSection(SolutionItems) = preProject
		.gitignore = .gitignore
		CHANGELOG.md = CHANGELOG.md
		CONTRIBUTION.md = CONTRIBUTION.md
		D2PModellingGuideline.md = D2PModellingGuideline.md
		LICENSE.md = LICENSE.md
		README.md = README.md
	EndProjectSection
EndProject
Global
	GlobalSection(SolutionConfigurationPlatforms) = preSolution
		Debug|Any CPU = Debug|Any CPU
		Release|Any CPU = Release|Any CPU
	EndGlobalSection
	GlobalSection(ProjectConfigurationPlatforms) = postSolution
		{759E51F4-9B76-497F-8263-5F2A3CBDC3DC}.Debug|Any CPU.ActiveCfg = Debug|Any CPU
		{759E51F4-9B76-497F-8263-5F2A3CBDC3DC}.Debug|Any CPU.Build.0 = Debug|Any CPU
		{759E51F4-9B76-497F-8263-5F2A3CBDC3DC}.Release|Any CPU.ActiveCfg = Release|Any CPU
		{759E51F4-9B76-497F-8263-5F2A3CBDC3DC}.Release|Any CPU.Build.0 = Release|Any CPU
		{929D58A7-2EEA-4C41-A436-EBB2435F5515}.Debug|Any CPU.ActiveCfg = Debug|Any CPU
		{929D58A7-2EEA-4C41-A436-EBB2435F5515}.Debug|Any CPU.Build.0 = Debug|Any CPU
		{929D58A7-2EEA-4C41-A436-EBB2435F5515}.Release|Any CPU.ActiveCfg = Release|Any CPU
		{929D58A7-2EEA-4C41-A436-EBB2435F5515}.Release|Any CPU.Build.0 = Release|Any CPU
	EndGlobalSection
	GlobalSection(SolutionProperties) = preSolution
		HideSolutionNode = FALSE
	EndGlobalSection
	GlobalSection(ExtensibilityGlobals) = postSolution
		SolutionGuid = {47D4B3C6-032B-4D47-A131-CEE4F9430F4C}
	EndGlobalSection
EndGlobal
